
Microsoft Visual Studio Solution File, Format Version 12.00
# Visual Studio Version 16
VisualStudioVersion = 16.0.29905.134
MinimumVisualStudioVersion = 10.0.40219.1
Project("{9A19103F-16F7-4668-BE54-9A1E7A4F7556}") = "Signature", "Signature\Signature.csproj", "{BB11FD3F-74D5-4DD0-B4C5-E09CD436748F}"
EndProject
Global
	GlobalSection(SolutionConfigurationPlatforms) = preSolution
		Debug|Any CPU = Debug|Any CPU
		Release|Any CPU = Release|Any CPU
	EndGlobalSection
	GlobalSection(ProjectConfigurationPlatforms) = postSolution
		{BB11FD3F-74D5-4DD0-B4C5-E09CD436748F}.Debug|Any CPU.ActiveCfg = Debug|Any CPU
		{BB11FD3F-74D5-4DD0-B4C5-E09CD436748F}.Debug|Any CPU.Build.0 = Debug|Any CPU
		{BB11FD3F-74D5-4DD0-B4C5-E09CD436748F}.Release|Any CPU.ActiveCfg = Release|Any CPU
		{BB11FD3F-74D5-4DD0-B4C5-E09CD436748F}.Release|Any CPU.Build.0 = Release|Any CPU
	EndGlobalSection
	GlobalSection(SolutionProperties) = preSolution
		HideSolutionNode = FALSE
	EndGlobalSection
	GlobalSection(ExtensibilityGlobals) = postSolution
		SolutionGuid = {203A27A2-3198-44D5-AEBC-D26A41004A16}
	EndGlobalSection
EndGlobal
